
Microsoft Visual Studio Solution File, Format Version 12.00
# Visual Studio Version 17
VisualStudioVersion = 17.2.32802.462
MinimumVisualStudioVersion = 10.0.40219.1
Project("{FAE04EC0-301F-11D3-BF4B-00C04F79EFBC}") = "LerAqruivo", "LerAqruivo\LerAqruivo.csproj", "{9EE4503F-B68A-4E84-9165-144CE6C391FF}"
EndProject
Global
	GlobalSection(SolutionConfigurationPlatforms) = preSolution
		Debug|Any CPU = Debug|Any CPU
		Release|Any CPU = Release|Any CPU
	EndGlobalSection
	GlobalSection(ProjectConfigurationPlatforms) = postSolution
		{9EE4503F-B68A-4E84-9165-144CE6C391FF}.Debug|Any CPU.ActiveCfg = Debug|Any CPU
		{9EE4503F-B68A-4E84-9165-144CE6C391FF}.Debug|Any CPU.Build.0 = Debug|Any CPU
		{9EE4503F-B68A-4E84-9165-144CE6C391FF}.Release|Any CPU.ActiveCfg = Release|Any CPU
		{9EE4503F-B68A-4E84-9165-144CE6C391FF}.Release|Any CPU.Build.0 = Release|Any CPU
	EndGlobalSection
	GlobalSection(SolutionProperties) = preSolution
		HideSolutionNode = FALSE
	EndGlobalSection
	GlobalSection(ExtensibilityGlobals) = postSolution
		SolutionGuid = {F61E8803-4755-48B3-9CF2-EF1BC7293210}
	EndGlobalSection
EndGlobal
